
Microsoft Visual Studio Solution File, Format Version 12.00
# Visual Studio Version 17
VisualStudioVersion = 17.3.32929.385
MinimumVisualStudioVersion = 10.0.40219.1
Project("{FAE04EC0-301F-11D3-BF4B-00C04F79EFBC}") = "NodeApplication", "NodeApplication.csproj", "{1DA867CA-E363-49DA-A069-6FAC74311483}"
EndProject
Global
	GlobalSection(SolutionConfigurationPlatforms) = preSolution
		Debug|Any CPU = Debug|Any CPU
		Release|Any CPU = Release|Any CPU
	EndGlobalSection
	GlobalSection(ProjectConfigurationPlatforms) = postSolution
		{1DA867CA-E363-49DA-A069-6FAC74311483}.Debug|Any CPU.ActiveCfg = Debug|Any CPU
		{1DA867CA-E363-49DA-A069-6FAC74311483}.Debug|Any CPU.Build.0 = Debug|Any CPU
		{1DA867CA-E363-49DA-A069-6FAC74311483}.Release|Any CPU.ActiveCfg = Release|Any CPU
		{1DA867CA-E363-49DA-A069-6FAC74311483}.Release|Any CPU.Build.0 = Release|Any CPU
	EndGlobalSection
	GlobalSection(SolutionProperties) = preSolution
		HideSolutionNode = FALSE
	EndGlobalSection
	GlobalSection(ExtensibilityGlobals) = postSolution
		SolutionGuid = {3105C93C-A166-4279-892C-CFD72E140D26}
	EndGlobalSection
EndGlobal
